
Microsoft Visual Studio Solution File, Format Version 12.00
# Visual Studio Version 17
VisualStudioVersion = 17.7.34018.315
MinimumVisualStudioVersion = 10.0.40219.1
Project("{9A19103F-16F7-4668-BE54-9A1E7A4F7556}") = "InnoEdu.Server", "Server\InnoEdu.Server.csproj", "{0D2A8374-DD7B-47D5-A90E-44F3E2F9995F}"
EndProject
Project("{9A19103F-16F7-4668-BE54-9A1E7A4F7556}") = "InnoEdu.Client", "Client\InnoEdu.Client.csproj", "{0CEFFCFC-D083-4EED-BC5F-148A954DC954}"
EndProject
Project("{9A19103F-16F7-4668-BE54-9A1E7A4F7556}") = "InnoEdu.Shared", "Shared\InnoEdu.Shared.csproj", "{934C072C-80C9-4049-8EDD-B51799E19DD2}"
EndProject
Global
	GlobalSection(SolutionConfigurationPlatforms) = preSolution
		Debug|Any CPU = Debug|Any CPU
		Release|Any CPU = Release|Any CPU
	EndGlobalSection
	GlobalSection(ProjectConfigurationPlatforms) = postSolution
		{0D2A8374-DD7B-47D5-A90E-44F3E2F9995F}.Debug|Any CPU.ActiveCfg = Debug|Any CPU
		{0D2A8374-DD7B-47D5-A90E-44F3E2F9995F}.Debug|Any CPU.Build.0 = Debug|Any CPU
		{0D2A8374-DD7B-47D5-A90E-44F3E2F9995F}.Release|Any CPU.ActiveCfg = Release|Any CPU
		{0D2A8374-DD7B-47D5-A90E-44F3E2F9995F}.Release|Any CPU.Build.0 = Release|Any CPU
		{0CEFFCFC-D083-4EED-BC5F-148A954DC954}.Debug|Any CPU.ActiveCfg = Debug|Any CPU
		{0CEFFCFC-D083-4EED-BC5F-148A954DC954}.Debug|Any CPU.Build.0 = Debug|Any CPU
		{0CEFFCFC-D083-4EED-BC5F-148A954DC954}.Release|Any CPU.ActiveCfg = Release|Any CPU
		{0CEFFCFC-D083-4EED-BC5F-148A954DC954}.Release|Any CPU.Build.0 = Release|Any CPU
		{934C072C-80C9-4049-8EDD-B51799E19DD2}.Debug|Any CPU.ActiveCfg = Debug|Any CPU
		{934C072C-80C9-4049-8EDD-B51799E19DD2}.Debug|Any CPU.Build.0 = Debug|Any CPU
		{934C072C-80C9-4049-8EDD-B51799E19DD2}.Release|Any CPU.ActiveCfg = Release|Any CPU
		{934C072C-80C9-4049-8EDD-B51799E19DD2}.Release|Any CPU.Build.0 = Release|Any CPU
	EndGlobalSection
	GlobalSection(SolutionProperties) = preSolution
		HideSolutionNode = FALSE
	EndGlobalSection
	GlobalSection(ExtensibilityGlobals) = postSolution
		SolutionGuid = {8F38FDA5-03EF-465A-80E8-61D7E6ED2D51}
	EndGlobalSection
EndGlobal
